
Microsoft Visual Studio Solution File, Format Version 12.00
# Visual Studio 15
Project("{FAE04EC0-301F-11D3-BF4B-00C04F79EFBC}") = "Assembly-CSharp", "Assembly-CSharp.csproj", "{6632E565-1A51-F806-8374-33D9771EC098}"
EndProject
Project("{FAE04EC0-301F-11D3-BF4B-00C04F79EFBC}") = "Assembly-CSharp-Editor", "Assembly-CSharp-Editor.csproj", "{2AD90F67-A11D-ACEF-6BF8-8012A6440B72}"
EndProject
Global
	GlobalSection(SolutionConfigurationPlatforms) = preSolution
		Debug|Any CPU = Debug|Any CPU
		Release|Any CPU = Release|Any CPU
	EndGlobalSection
	GlobalSection(ProjectConfigurationPlatforms) = postSolution
		{6632E565-1A51-F806-8374-33D9771EC098}.Debug|Any CPU.ActiveCfg = Debug|Any CPU
		{6632E565-1A51-F806-8374-33D9771EC098}.Debug|Any CPU.Build.0 = Debug|Any CPU
		{6632E565-1A51-F806-8374-33D9771EC098}.Release|Any CPU.ActiveCfg = Release|Any CPU
		{6632E565-1A51-F806-8374-33D9771EC098}.Release|Any CPU.Build.0 = Release|Any CPU
		{2AD90F67-A11D-ACEF-6BF8-8012A6440B72}.Debug|Any CPU.ActiveCfg = Debug|Any CPU
		{2AD90F67-A11D-ACEF-6BF8-8012A6440B72}.Debug|Any CPU.Build.0 = Debug|Any CPU
		{2AD90F67-A11D-ACEF-6BF8-8012A6440B72}.Release|Any CPU.ActiveCfg = Release|Any CPU
		{2AD90F67-A11D-ACEF-6BF8-8012A6440B72}.Release|Any CPU.Build.0 = Release|Any CPU
	EndGlobalSection
	GlobalSection(SolutionProperties) = preSolution
		HideSolutionNode = FALSE
	EndGlobalSection
EndGlobal
